
Microsoft Visual Studio Solution File, Format Version 12.00
# Visual Studio 15
VisualStudioVersion = 15.0.28307.705
MinimumVisualStudioVersion = 10.0.40219.1
Project("{FAE04EC0-301F-11D3-BF4B-00C04F79EFBC}") = "AGTPPE2", "AGTPPE2\AGTPPE2.csproj", "{154F1160-C1AB-4F60-8129-DFCF33A7B081}"
EndProject
Global
	GlobalSection(SolutionConfigurationPlatforms) = preSolution
		Debug|Any CPU = Debug|Any CPU
		Release|Any CPU = Release|Any CPU
	EndGlobalSection
	GlobalSection(ProjectConfigurationPlatforms) = postSolution
		{154F1160-C1AB-4F60-8129-DFCF33A7B081}.Debug|Any CPU.ActiveCfg = Debug|Any CPU
		{154F1160-C1AB-4F60-8129-DFCF33A7B081}.Debug|Any CPU.Build.0 = Debug|Any CPU
		{154F1160-C1AB-4F60-8129-DFCF33A7B081}.Release|Any CPU.ActiveCfg = Release|Any CPU
		{154F1160-C1AB-4F60-8129-DFCF33A7B081}.Release|Any CPU.Build.0 = Release|Any CPU
	EndGlobalSection
	GlobalSection(SolutionProperties) = preSolution
		HideSolutionNode = FALSE
	EndGlobalSection
	GlobalSection(ExtensibilityGlobals) = postSolution
		SolutionGuid = {E6F55286-B1CE-46FE-8FD9-C5F57D84E4E2}
	EndGlobalSection
EndGlobal
